info:
  namespace: iasurvival
items:
  crystal_block:
    enabled: true
    display_name: display-name-crystal_block
    permission: iasurvival.minerals.crystal_block
    resource:
      material: PAPER
      generate: true
      textures:
        - block/minerals/crystal_block
    specific_properties:
      block:
        placed_model:
          type: REAL_NOTE
          break_particles_material: PRISMARINE_BRICKS
        break_tools_whitelist:
          - PICKAXE
          - pickaxe
